
Microsoft Visual Studio Solution File, Format Version 12.00
# Visual Studio 15
VisualStudioVersion = 15.0.27004.2008
MinimumVisualStudioVersion = 10.0.40219.1
Project("{FAE04EC0-301F-11D3-BF4B-00C04F79EFBC}") = "StoreClient", "StoreClient.csproj", "{D5624C4F-D788-4A92-A2DC-B0E6B23B32E5}"
EndProject
Global
	GlobalSection(SolutionConfigurationPlatforms) = preSolution
		Debug|ARM = Debug|ARM
		Debug|x64 = Debug|x64
		Debug|x86 = Debug|x86
		Release|ARM = Release|ARM
		Release|x64 = Release|x64
		Release|x86 = Release|x86
	EndGlobalSection
	GlobalSection(ProjectConfigurationPlatforms) = postSolution
		{D5624C4F-D788-4A92-A2DC-B0E6B23B32E5}.Debug|ARM.ActiveCfg = Debug|ARM
		{D5624C4F-D788-4A92-A2DC-B0E6B23B32E5}.Debug|ARM.Build.0 = Debug|ARM
		{D5624C4F-D788-4A92-A2DC-B0E6B23B32E5}.Debug|ARM.Deploy.0 = Debug|ARM
		{D5624C4F-D788-4A92-A2DC-B0E6B23B32E5}.Debug|x64.ActiveCfg = Debug|x64
		{D5624C4F-D788-4A92-A2DC-B0E6B23B32E5}.Debug|x64.Build.0 = Debug|x64
		{D5624C4F-D788-4A92-A2DC-B0E6B23B32E5}.Debug|x64.Deploy.0 = Debug|x64
		{D5624C4F-D788-4A92-A2DC-B0E6B23B32E5}.Debug|x86.ActiveCfg = Debug|x86
		{D5624C4F-D788-4A92-A2DC-B0E6B23B32E5}.Debug|x86.Build.0 = Debug|x86
		{D5624C4F-D788-4A92-A2DC-B0E6B23B32E5}.Debug|x86.Deploy.0 = Debug|x86
		{D5624C4F-D788-4A92-A2DC-B0E6B23B32E5}.Release|ARM.ActiveCfg = Release|ARM
		{D5624C4F-D788-4A92-A2DC-B0E6B23B32E5}.Release|ARM.Build.0 = Release|ARM
		{D5624C4F-D788-4A92-A2DC-B0E6B23B32E5}.Release|ARM.Deploy.0 = Release|ARM
		{D5624C4F-D788-4A92-A2DC-B0E6B23B32E5}.Release|x64.ActiveCfg = Release|x64
		{D5624C4F-D788-4A92-A2DC-B0E6B23B32E5}.Release|x64.Build.0 = Release|x64
		{D5624C4F-D788-4A92-A2DC-B0E6B23B32E5}.Release|x64.Deploy.0 = Release|x64
		{D5624C4F-D788-4A92-A2DC-B0E6B23B32E5}.Release|x86.ActiveCfg = Release|x86
		{D5624C4F-D788-4A92-A2DC-B0E6B23B32E5}.Release|x86.Build.0 = Release|x86
		{D5624C4F-D788-4A92-A2DC-B0E6B23B32E5}.Release|x86.Deploy.0 = Release|x86
	EndGlobalSection
	GlobalSection(SolutionProperties) = preSolution
		HideSolutionNode = FALSE
	EndGlobalSection
	GlobalSection(ExtensibilityGlobals) = postSolution
		SolutionGuid = {B253C8E8-60FB-41DD-8F1D-E838EA5C0AE9}
	EndGlobalSection
EndGlobal
